{
  "originHash" : "d05eef3b38671c87898eec26abd24857dab95eb752323162b5c018aca40c1508",
  "pins" : [
    {
      "identity" : "lighter",
      "kind" : "remoteSourceControl",
      "location" : "https://github.com/Lighter-swift/Lighter.git",
      "state" : {
        "revision" : "77dba67c6a47ee02fd78b09306d3b561b6e5a6ef",
        "version" : "1.4.12"
      }
    },
    {
      "identity" : "swift-argument-parser",
      "kind" : "remoteSourceControl",
      "location" : "https://github.com/apple/swift-argument-parser.git",
      "state" : {
        "revision" : "6a52f3251125d74daf04fcbd5e6f08a75d074382",
        "version" : "1.8.2"
      }
    },
    {
      "identity" : "swiftpizzasnips",
      "kind" : "remoteSourceControl",
      "location" : "https://github.com/mredig/SwiftPizzaSnips.git",
      "state" : {
        "revision" : "64b0104dd5b657b4e6f12248a0c8fd7397ea7204",
        "version" : "0.5.0"
      }
    }
  ],
  "version" : 3
}
