{
  "originHash" : "f9affae3821ddc900a9b39213439d7b8147c7e88285052f28ea02a83547bb774",
  "pins" : [
    {
      "identity" : "lighter",
      "kind" : "remoteSourceControl",
      "location" : "https://github.com/Lighter-swift/Lighter.git",
      "state" : {
        "revision" : "77dba67c6a47ee02fd78b09306d3b561b6e5a6ef",
        "version" : "1.4.12"
      }
    },
    {
      "identity" : "swift-argument-parser",
      "kind" : "remoteSourceControl",
      "location" : "https://github.com/apple/swift-argument-parser.git",
      "state" : {
        "revision" : "c5d11a805e765f52ba34ec7284bd4fcd6ba68615",
        "version" : "1.7.0"
      }
    },
    {
      "identity" : "swiftpizzasnips",
      "kind" : "remoteSourceControl",
      "location" : "https://github.com/mredig/SwiftPizzaSnips.git",
      "state" : {
        "branch" : "0.4.38i",
        "revision" : "4c37a61bf37834d7dd055c389b4f7607c6f7fdac"
      }
    }
  ],
  "version" : 3
}
